dependencies:
- name: postgresql
  repository: https://charts.bitnami.com/bitnami
  version: 12.1.2
- name: minio
  repository: https://charts.bitnami.com/bitnami
  version: 12.2.4
- name: rabbitmq
  repository: https://charts.bitnami.com/bitnami
  version: 13.0.0
- name: redis
  repository: https://charts.bitnami.com/bitnami
  version: 20.1.0
- name: common
  repository: https://charts.bitnami.com/bitnami
  version: 2.19.1
- name: postfix
  repository: https://charts.lkc-lab.com
  version: 0.1.1
- name: kueue
  repository: file://../../kueue/charts/kueue
  version: 0.1.0
digest: sha256:3786a73a76f17e6192a74fc3cc7c8eea688a7eee719ec9aa7d16244bb595504d
generated: "2024-11-12T15:25:46.351324+08:00"
