dependencies:
- name: postgresql
  repository: https://charts.bitnami.com/bitnami
  version: 12.1.2
- name: minio
  repository: https://charts.bitnami.com/bitnami
  version: 12.2.4
- name: rabbitmq
  repository: https://charts.bitnami.com/bitnami
  version: 13.0.0
- name: redis
  repository: https://charts.bitnami.com/bitnami
  version: 20.1.0
- name: common
  repository: https://charts.bitnami.com/bitnami
  version: 2.19.1
- name: postfix
  repository: https://charts.lkc-lab.com
  version: 0.1.3
digest: sha256:b32ccd998feedd631bbdd9e63c44734ccaf4d98460d5e05e10102f5beb741517
generated: "2025-02-20T09:47:13.980121+08:00"
