dependencies:
- name: postgresql
  repository: https://charts.bitnami.com/bitnami
  version: 12.1.2
- name: minio
  repository: https://charts.bitnami.com/bitnami
  version: 12.2.4
- name: rabbitmq
  repository: https://charts.bitnami.com/bitnami
  version: 13.0.0
- name: redis
  repository: https://charts.bitnami.com/bitnami
  version: 20.1.0
- name: common
  repository: https://charts.bitnami.com/bitnami
  version: 2.19.1
- name: postfix
  repository: https://charts.lkc-lab.com
  version: 0.1.1
digest: sha256:fb6ba056468f47e486b96134dccb3de190f3525da983e7413f352b5bd6051982
generated: "2024-09-11T12:52:01.457922+08:00"
